Microsoft Visual Studio Solution File, Format Version 12.00
# Visual Studio Version 17
VisualStudioVersion = 17.5.2.0
MinimumVisualStudioVersion = 10.0.40219.1
Project("{FAE04EC0-301F-11D3-BF4B-00C04F79EFBC}") = "EcGui-MonoGame", "EcGui-MonoGame.csproj", "{B92B08EE-9432-5ED5-F318-D1F769C7CC3D}"
EndProject
Global
	GlobalSection(SolutionConfigurationPlatforms) = preSolution
		Debug|Any CPU = Debug|Any CPU
		Release|Any CPU = Release|Any CPU
	EndGlobalSection
	GlobalSection(ProjectConfigurationPlatforms) = postSolution
		{B92B08EE-9432-5ED5-F318-D1F769C7CC3D}.Debug|Any CPU.ActiveCfg = Debug|Any CPU
		{B92B08EE-9432-5ED5-F318-D1F769C7CC3D}.Debug|Any CPU.Build.0 = Debug|Any CPU
		{B92B08EE-9432-5ED5-F318-D1F769C7CC3D}.Release|Any CPU.ActiveCfg = Release|Any CPU
		{B92B08EE-9432-5ED5-F318-D1F769C7CC3D}.Release|Any CPU.Build.0 = Release|Any CPU
	EndGlobalSection
	GlobalSection(SolutionProperties) = preSolution
		HideSolutionNode = FALSE
	EndGlobalSection
	GlobalSection(ExtensibilityGlobals) = postSolution
		SolutionGuid = {7EA12C76-9C64-492B-8691-FC885E5C3779}
	EndGlobalSection
EndGlobal
